
Microsoft Visual Studio Solution File, Format Version 12.00
# Visual Studio 15
VisualStudioVersion = 15.0.27130.2010
MinimumVisualStudioVersion = 10.0.40219.1
Project("{FAE04EC0-301F-11D3-BF4B-00C04F79EFBC}") = "Youtubeclass1", "Youtubeclass1\Youtubeclass1.csproj", "{AF79B254-C782-4951-9BDA-CB80D4CBDEEC}"
EndProject
Global
	GlobalSection(SolutionConfigurationPlatforms) = preSolution
		Debug|Any CPU = Debug|Any CPU
		Release|Any CPU = Release|Any CPU
	EndGlobalSection
	GlobalSection(ProjectConfigurationPlatforms) = postSolution
		{AF79B254-C782-4951-9BDA-CB80D4CBDEEC}.Debug|Any CPU.ActiveCfg = Debug|Any CPU
		{AF79B254-C782-4951-9BDA-CB80D4CBDEEC}.Debug|Any CPU.Build.0 = Debug|Any CPU
		{AF79B254-C782-4951-9BDA-CB80D4CBDEEC}.Release|Any CPU.ActiveCfg = Release|Any CPU
		{AF79B254-C782-4951-9BDA-CB80D4CBDEEC}.Release|Any CPU.Build.0 = Release|Any CPU
	EndGlobalSection
	GlobalSection(SolutionProperties) = preSolution
		HideSolutionNode = FALSE
	EndGlobalSection
	GlobalSection(ExtensibilityGlobals) = postSolution
		SolutionGuid = {391F6D61-565E-4BA0-8BE5-B900663018BE}
	EndGlobalSection
EndGlobal
